
Microsoft Visual Studio Solution File, Format Version 12.00
# Visual Studio Version 16
VisualStudioVersion = 16.0.31112.23
MinimumVisualStudioVersion = 10.0.40219.1
Project("{FAE04EC0-301F-11D3-BF4B-00C04F79EFBC}") = "WindowsAgent", "WindiwsAgent\WindowsAgent.csproj", "{5D935B6B-CA8B-4DF9-887C-8B9AB99CE559}"
EndProject
Global
	GlobalSection(SolutionConfigurationPlatforms) = preSolution
		Debug|Any CPU = Debug|Any CPU
		Release|Any CPU = Release|Any CPU
	EndGlobalSection
	GlobalSection(ProjectConfigurationPlatforms) = postSolution
		{5D935B6B-CA8B-4DF9-887C-8B9AB99CE559}.Debug|Any CPU.ActiveCfg = Debug|Any CPU
		{5D935B6B-CA8B-4DF9-887C-8B9AB99CE559}.Debug|Any CPU.Build.0 = Debug|Any CPU
		{5D935B6B-CA8B-4DF9-887C-8B9AB99CE559}.Release|Any CPU.ActiveCfg = Release|Any CPU
		{5D935B6B-CA8B-4DF9-887C-8B9AB99CE559}.Release|Any CPU.Build.0 = Release|Any CPU
	EndGlobalSection
	GlobalSection(SolutionProperties) = preSolution
		HideSolutionNode = FALSE
	EndGlobalSection
	GlobalSection(ExtensibilityGlobals) = postSolution
		SolutionGuid = {EAF6D731-9128-407E-9822-252C0DA1FAAE}
	EndGlobalSection
EndGlobal
